{
  "lockfileVersion": 1,
  "workspaces": {
    "": {
      "name": "svelte-hero-icons",
      "devDependencies": {
        "heroicons": "^2.2.0",
      },
    },
  },
  "packages": {
    "heroicons": ["heroicons@2.2.0", "", {}, "sha512-yOwvztmNiBWqR946t+JdgZmyzEmnRMC2nxvHFC90bF1SUttwB6yJKYeme1JeEcBfobdOs827nCyiWBS2z/brog=="],
  }
}
